{
  "name": "pesy-bootstrapper",
  "version": "0.1.0",
  "lockfileVersion": 1,
  "requires": true,
  "dependencies": {
    "bs-node": {
      "version": "github:reasonml-community/bs-node#ba6564678fd90c259ee1998d501350d61bf74548",
      "from": "github:reasonml-community/bs-node"
    },
    "bs-platform": {
      "version": "5.0.4",
      "resolved": "https://registry.npmjs.org/bs-platform/-/bs-platform-5.0.4.tgz",
      "integrity": "sha512-rXM+ztN8wYXQ4ojfFGylvPOf8GRLOvM94QJsMMV9VpsLChKCjesWMNybTZvpoyNsESu2nC5q+C9soG+BPhuUFQ==",
      "dev": true
    },
    "tablecloth-bucklescript": {
      "version": "0.0.6",
      "resolved": "https://registry.npmjs.org/tablecloth-bucklescript/-/tablecloth-bucklescript-0.0.6.tgz",
      "integrity": "sha512-rfwtTya+tfPByxsfH0i1GACppzv098wKNGa4YEG9t9m+hpj0T/qpyjA1iOngN9w1iBJaIs4pSUNEAgLf7jWAmw=="
    }
  }
}
